
Microsoft Visual Studio Solution File, Format Version 12.00
# Visual Studio Version 16
VisualStudioVersion = 16.0.29920.165
MinimumVisualStudioVersion = 10.0.40219.1
Project("{FAE04EC0-301F-11D3-BF4B-00C04F79EFBC}") = "Demo.Jwt", "Demo.Jwt\Demo.Jwt.csproj", "{643094E4-7047-4435-AC73-DCEFEEEB5A55}"
EndProject
Global
	GlobalSection(SolutionConfigurationPlatforms) = preSolution
		Debug|Any CPU = Debug|Any CPU
		Release|Any CPU = Release|Any CPU
	EndGlobalSection
	GlobalSection(ProjectConfigurationPlatforms) = postSolution
		{643094E4-7047-4435-AC73-DCEFEEEB5A55}.Debug|Any CPU.ActiveCfg = Debug|Any CPU
		{643094E4-7047-4435-AC73-DCEFEEEB5A55}.Debug|Any CPU.Build.0 = Debug|Any CPU
		{643094E4-7047-4435-AC73-DCEFEEEB5A55}.Release|Any CPU.ActiveCfg = Release|Any CPU
		{643094E4-7047-4435-AC73-DCEFEEEB5A55}.Release|Any CPU.Build.0 = Release|Any CPU
	EndGlobalSection
	GlobalSection(SolutionProperties) = preSolution
		HideSolutionNode = FALSE
	EndGlobalSection
	GlobalSection(ExtensibilityGlobals) = postSolution
		SolutionGuid = {66CC5AD5-5FC1-47D1-A575-41F343D4EFD9}
	EndGlobalSection
EndGlobal
